
Microsoft Visual Studio Solution File, Format Version 12.00
# Visual Studio 15
VisualStudioVersion = 15.0.28307.421
MinimumVisualStudioVersion = 10.0.40219.1
Project("{FAE04EC0-301F-11D3-BF4B-00C04F79EFBC}") = "Backend", "Backend\Backend.csproj", "{7045B7CF-ACE8-4669-82CA-8ED972F1A454}"
EndProject
Global
	GlobalSection(SolutionConfigurationPlatforms) = preSolution
		Debug|Any CPU = Debug|Any CPU
		Release|Any CPU = Release|Any CPU
	EndGlobalSection
	GlobalSection(ProjectConfigurationPlatforms) = postSolution
		{7045B7CF-ACE8-4669-82CA-8ED972F1A454}.Debug|Any CPU.ActiveCfg = Debug|Any CPU
		{7045B7CF-ACE8-4669-82CA-8ED972F1A454}.Debug|Any CPU.Build.0 = Debug|Any CPU
		{7045B7CF-ACE8-4669-82CA-8ED972F1A454}.Release|Any CPU.ActiveCfg = Release|Any CPU
		{7045B7CF-ACE8-4669-82CA-8ED972F1A454}.Release|Any CPU.Build.0 = Release|Any CPU
	EndGlobalSection
	GlobalSection(SolutionProperties) = preSolution
		HideSolutionNode = FALSE
	EndGlobalSection
	GlobalSection(ExtensibilityGlobals) = postSolution
		SolutionGuid = {967E97DA-3033-4F37-8A69-F8FB56B5C2B1}
	EndGlobalSection
EndGlobal
